// !$*UTF8*$!
{
	archiveVersion = 1;
	classes = {
	};
	objectVersion = 46;
	objects = {

/* Begin PBXBuildFile section */
		3C11C77517B1413A00125C76 /* SecondViewController_iPhone.m in Sources */ = {isa = PBXBuildFile; fileRef = 3C11C76D17B1413A00125C76 /* SecondViewController_iPhone.m */; };
		3C11C77617B1413A00125C76 /* SecondViewController_iPhone.xib in Resources */ = {isa = PBXBuildFile; fileRef = 3C11C76E17B1413A00125C76 /* SecondViewController_iPhone.xib */; };
		3C11C77717B1413A00125C76 /* ThirthViewController_iPhone.m in Sources */ = {isa = PBXBuildFile; fileRef = 3C11C77017B1413A00125C76 /* ThirthViewController_iPhone.m */; };
		3C11C77817B1413A00125C76 /* ThirthViewController_iPhone.xib in Resources */ = {isa = PBXBuildFile; fileRef = 3C11C77117B1413A00125C76 /* ThirthViewController_iPhone.xib */; };
		3C11C77917B1413A00125C76 /* ViewController_iPhone.m in Sources */ = {isa = PBXBuildFile; fileRef = 3C11C77317B1413A00125C76 /* ViewController_iPhone.m */; };
		3C11C77A17B1413A00125C76 /* ViewController_iPhone.xib in Resources */ = {isa = PBXBuildFile; fileRef = 3C11C77417B1413A00125C76 /* ViewController_iPhone.xib */; };
		3C11C78417B1427D00125C76 /* SecondViewController_iPad.m in Sources */ = {isa = PBXBuildFile; fileRef = 3C11C77C17B1427D00125C76 /* SecondViewController_iPad.m */; };
		3C11C78517B1427D00125C76 /* SecondViewController_iPad.xib in Resources */ = {isa = PBXBuildFile; fileRef = 3C11C77D17B1427D00125C76 /* SecondViewController_iPad.xib */; };
		3C11C78617B1427D00125C76 /* ThirthViewController_iPad.m in Sources */ = {isa = PBXBuildFile; fileRef = 3C11C77F17B1427D00125C76 /* ThirthViewController_iPad.m */; };
		3C11C78717B1427D00125C76 /* ThirthViewController_iPad.xib in Resources */ = {isa = PBXBuildFile; fileRef = 3C11C78017B1427D00125C76 /* ThirthViewController_iPad.xib */; };
		3C11C78817B1427D00125C76 /* ViewController_iPad.m in Sources */ = {isa = PBXBuildFile; fileRef = 3C11C78217B1427D00125C76 /* ViewController_iPad.m */; };
		3C11C78917B1427D00125C76 /* ViewController_iPad.xib in Resources */ = {isa = PBXBuildFile; fileRef = 3C11C78317B1427D00125C76 /* ViewController_iPad.xib */; };
		3C8548B717A1886700B4D4ED /* bg_3.png in Resources */ = {isa = PBXBuildFile; fileRef = 3C8548B617A1886700B4D4ED /* bg_3.png */; };
		3CF16BB617930123006E912F /* UIKit.framework in Frameworks */ = {isa = PBXBuildFile; fileRef = 3CF16BB517930123006E912F /* UIKit.framework */; };
		3CF16BB817930123006E912F /* Foundation.framework in Frameworks */ = {isa = PBXBuildFile; fileRef = 3CF16BB717930123006E912F /* Foundation.framework */; };
		3CF16BBA17930123006E912F /* CoreGraphics.framework in Frameworks */ = {isa = PBXBuildFile; fileRef = 3CF16BB917930123006E912F /* CoreGraphics.framework */; };
		3CF16BC017930123006E912F /* InfoPlist.strings in Resources */ = {isa = PBXBuildFile; fileRef = 3CF16BBE17930123006E912F /* InfoPlist.strings */; };
		3CF16BC217930123006E912F /* main.m in Sources */ = {isa = PBXBuildFile; fileRef = 3CF16BC117930123006E912F /* main.m */; };
		3CF16BC617930123006E912F /* AppDelegate.m in Sources */ = {isa = PBXBuildFile; fileRef = 3CF16BC517930123006E912F /* AppDelegate.m */; };
		3CF16BC817930123006E912F /* Default.png in Resources */ = {isa = PBXBuildFile; fileRef = 3CF16BC717930123006E912F /* Default.png */; };
		3CF16BCA17930123006E912F /* Default@2x.png in Resources */ = {isa = PBXBuildFile; fileRef = 3CF16BC917930123006E912F /* Default@2x.png */; };
		3CF16BCC17930123006E912F /* Default-568h@2x.png in Resources */ = {isa = PBXBuildFile; fileRef = 3CF16BCB17930123006E912F /* Default-568h@2x.png */; };
		3CF16BDC179309B1006E912F /* QuartzCore.framework in Frameworks */ = {isa = PBXBuildFile; fileRef = 3CF16BDB179309B1006E912F /* QuartzCore.framework */; };
		3CF16CF1179C198C006E912F /* bg_1.jpg in Resources */ = {isa = PBXBuildFile; fileRef = 3CF16CEF179C198C006E912F /* bg_1.jpg */; };
		3CF16CF2179C198C006E912F /* bg_2.jpg in Resources */ = {isa = PBXBuildFile; fileRef = 3CF16CF0179C198C006E912F /* bg_2.jpg */; };
		3CF16D13179C4877006E912F /* NSObject+Extras.m in Sources */ = {isa = PBXBuildFile; fileRef = 3CF16D09179C4877006E912F /* NSObject+Extras.m */; };
		3CF16D14179C4877006E912F /* FlipSquaresNavigationController.m in Sources */ = {isa = PBXBuildFile; fileRef = 3CF16D0B179C4877006E912F /* FlipSquaresNavigationController.m */; };
/* End PBXBuildFile section */

/* Begin PBXFileReference section */
		3C11C76C17B1413A00125C76 /* SecondViewController_iPhone.h */ = {isa = PBXFileReference; fileEncoding = 4; lastKnownFileType = sourcecode.c.h; path = SecondViewController_iPhone.h; sourceTree = "<group>"; };
		3C11C76D17B1413A00125C76 /* SecondViewController_iPhone.m */ = {isa = PBXFileReference; fileEncoding = 4; lastKnownFileType = sourcecode.c.objc; path = SecondViewController_iPhone.m; sourceTree = "<group>"; };
		3C11C76E17B1413A00125C76 /* SecondViewController_iPhone.xib */ = {isa = PBXFileReference; fileEncoding = 4; lastKnownFileType = file.xib; path = SecondViewController_iPhone.xib; sourceTree = "<group>"; };
		3C11C76F17B1413A00125C76 /* ThirthViewController_iPhone.h */ = {isa = PBXFileReference; fileEncoding = 4; lastKnownFileType = sourcecode.c.h; path = ThirthViewController_iPhone.h; sourceTree = "<group>"; };
		3C11C77017B1413A00125C76 /* ThirthViewController_iPhone.m */ = {isa = PBXFileReference; fileEncoding = 4; lastKnownFileType = sourcecode.c.objc; path = ThirthViewController_iPhone.m; sourceTree = "<group>"; };
		3C11C77117B1413A00125C76 /* ThirthViewController_iPhone.xib */ = {isa = PBXFileReference; fileEncoding = 4; lastKnownFileType = file.xib; path = ThirthViewController_iPhone.xib; sourceTree = "<group>"; };
		3C11C77217B1413A00125C76 /* ViewController_iPhone.h */ = {isa = PBXFileReference; fileEncoding = 4; lastKnownFileType = sourcecode.c.h; path = ViewController_iPhone.h; sourceTree = "<group>"; };
		3C11C77317B1413A00125C76 /* ViewController_iPhone.m */ = {isa = PBXFileReference; fileEncoding = 4; lastKnownFileType = sourcecode.c.objc; path = ViewController_iPhone.m; sourceTree = "<group>"; };
		3C11C77417B1413A00125C76 /* ViewController_iPhone.xib */ = {isa = PBXFileReference; fileEncoding = 4; lastKnownFileType = file.xib; path = ViewController_iPhone.xib; sourceTree = "<group>"; };
		3C11C77B17B1427D00125C76 /* SecondViewController_iPad.h */ = {isa = PBXFileReference; fileEncoding = 4; lastKnownFileType = sourcecode.c.h; path = SecondViewController_iPad.h; sourceTree = "<group>"; };
		3C11C77C17B1427D00125C76 /* SecondViewController_iPad.m */ = {isa = PBXFileReference; fileEncoding = 4; lastKnownFileType = sourcecode.c.objc; path = SecondViewController_iPad.m; sourceTree = "<group>"; };
		3C11C77D17B1427D00125C76 /* SecondViewController_iPad.xib */ = {isa = PBXFileReference; fileEncoding = 4; lastKnownFileType = file.xib; path = SecondViewController_iPad.xib; sourceTree = "<group>"; };
		3C11C77E17B1427D00125C76 /* ThirthViewController_iPad.h */ = {isa = PBXFileReference; fileEncoding = 4; lastKnownFileType = sourcecode.c.h; path = ThirthViewController_iPad.h; sourceTree = "<group>"; };
		3C11C77F17B1427D00125C76 /* ThirthViewController_iPad.m */ = {isa = PBXFileReference; fileEncoding = 4; lastKnownFileType = sourcecode.c.objc; path = ThirthViewController_iPad.m; sourceTree = "<group>"; };
		3C11C78017B1427D00125C76 /* ThirthViewController_iPad.xib */ = {isa = PBXFileReference; fileEncoding = 4; lastKnownFileType = file.xib; path = ThirthViewController_iPad.xib; sourceTree = "<group>"; };
		3C11C78117B1427D00125C76 /* ViewController_iPad.h */ = {isa = PBXFileReference; fileEncoding = 4; lastKnownFileType = sourcecode.c.h; path = ViewController_iPad.h; sourceTree = "<group>"; };
		3C11C78217B1427D00125C76 /* ViewController_iPad.m */ = {isa = PBXFileReference; fileEncoding = 4; lastKnownFileType = sourcecode.c.objc; path = ViewController_iPad.m; sourceTree = "<group>"; };
		3C11C78317B1427D00125C76 /* ViewController_iPad.xib */ = {isa = PBXFileReference; fileEncoding = 4; lastKnownFileType = file.xib; path = ViewController_iPad.xib; sourceTree = "<group>"; };
		3C8548B617A1886700B4D4ED /* bg_3.png */ = {isa = PBXFileReference; lastKnownFileType = image.png; path = bg_3.png; sourceTree = "<group>"; };
		3CF16BB217930123006E912F /* SquaresFlipNavigationExample.app */ = {isa = PBXFileReference; explicitFileType = wrapper.application; includeInIndex = 0; path = SquaresFlipNavigationExample.app; sourceTree = BUILT_PRODUCTS_DIR; };
		3CF16BB517930123006E912F /* UIKit.framework */ = {isa = PBXFileReference; lastKnownFileType = wrapper.framework; name = UIKit.framework; path = System/Library/Frameworks/UIKit.framework; sourceTree = SDKROOT; };
		3CF16BB717930123006E912F /* Foundation.framework */ = {isa = PBXFileReference; lastKnownFileType = wrapper.framework; name = Foundation.framework; path = System/Library/Frameworks/Foundation.framework; sourceTree = SDKROOT; };
		3CF16BB917930123006E912F /* CoreGraphics.framework */ = {isa = PBXFileReference; lastKnownFileType = wrapper.framework; name = CoreGraphics.framework; path = System/Library/Frameworks/CoreGraphics.framework; sourceTree = SDKROOT; };
		3CF16BBD17930123006E912F /* SquaresFlipNavigationExample-Info.plist */ = {isa = PBXFileReference; lastKnownFileType = text.plist.xml; path = "SquaresFlipNavigationExample-Info.plist"; sourceTree = "<group>"; };
		3CF16BBF17930123006E912F /* en */ = {isa = PBXFileReference; lastKnownFileType = text.plist.strings; name = en; path = en.lproj/InfoPlist.strings; sourceTree = "<group>"; };
		3CF16BC117930123006E912F /* main.m */ = {isa = PBXFileReference; lastKnownFileType = sourcecode.c.objc; path = main.m; sourceTree = "<group>"; };
		3CF16BC317930123006E912F /* SquaresFlipNavigationExample-Prefix.pch */ = {isa = PBXFileReference; lastKnownFileType = sourcecode.c.h; path = "SquaresFlipNavigationExample-Prefix.pch"; sourceTree = "<group>"; };
		3CF16BC417930123006E912F /* AppDelegate.h */ = {isa = PBXFileReference; lastKnownFileType = sourcecode.c.h; path = AppDelegate.h; sourceTree = "<group>"; };
		3CF16BC517930123006E912F /* AppDelegate.m */ = {isa = PBXFileReference; lastKnownFileType = sourcecode.c.objc; path = AppDelegate.m; sourceTree = "<group>"; };
		3CF16BC717930123006E912F /* Default.png */ = {isa = PBXFileReference; lastKnownFileType = image.png; path = Default.png; sourceTree = "<group>"; };
		3CF16BC917930123006E912F /* Default@2x.png */ = {isa = PBXFileReference; lastKnownFileType = image.png; path = "Default@2x.png"; sourceTree = "<group>"; };
		3CF16BCB17930123006E912F /* Default-568h@2x.png */ = {isa = PBXFileReference; lastKnownFileType = image.png; path = "Default-568h@2x.png"; sourceTree = "<group>"; };
		3CF16BDB179309B1006E912F /* QuartzCore.framework */ = {isa = PBXFileReference; lastKnownFileType = wrapper.framework; name = QuartzCore.framework; path = System/Library/Frameworks/QuartzCore.framework; sourceTree = SDKROOT; };
		3CF16CEF179C198C006E912F /* bg_1.jpg */ = {isa = PBXFileReference; lastKnownFileType = image.jpeg; path = bg_1.jpg; sourceTree = "<group>"; };
		3CF16CF0179C198C006E912F /* bg_2.jpg */ = {isa = PBXFileReference; lastKnownFileType = image.jpeg; path = bg_2.jpg; sourceTree = "<group>"; };
		3CF16D08179C4877006E912F /* NSObject+Extras.h */ = {isa = PBXFileReference; fileEncoding = 4; lastKnownFileType = sourcecode.c.h; path = "NSObject+Extras.h"; sourceTree = "<group>"; };
		3CF16D09179C4877006E912F /* NSObject+Extras.m */ = {isa = PBXFileReference; fileEncoding = 4; lastKnownFileType = sourcecode.c.objc; path = "NSObject+Extras.m"; sourceTree = "<group>"; };
		3CF16D0A179C4877006E912F /* FlipSquaresNavigationController.h */ = {isa = PBXFileReference; fileEncoding = 4; lastKnownFileType = sourcecode.c.h; path = FlipSquaresNavigationController.h; sourceTree = "<group>"; };
		3CF16D0B179C4877006E912F /* FlipSquaresNavigationController.m */ = {isa = PBXFileReference; fileEncoding = 4; lastKnownFileType = sourcecode.c.objc; path = FlipSquaresNavigationController.m; sourceTree = "<group>"; };
/* End PBXFileReference section */

/* Begin PBXFrameworksBuildPhase section */
		3CF16BAF17930123006E912F /* Frameworks */ = {
			isa = PBXFrameworksBuildPhase;
			buildActionMask = 2147483647;
			files = (
				3CF16BDC179309B1006E912F /* QuartzCore.framework in Frameworks */,
				3CF16BB617930123006E912F /* UIKit.framework in Frameworks */,
				3CF16BB817930123006E912F /* Foundation.framework in Frameworks */,
				3CF16BBA17930123006E912F /* CoreGraphics.framework in Frameworks */,
			);
			runOnlyForDeploymentPostprocessing = 0;
		};
/* End PBXFrameworksBuildPhase section */

/* Begin PBXGroup section */
		3C11C76A17B1413900125C76 /* iPad */ = {
			isa = PBXGroup;
			children = (
				3C11C77B17B1427D00125C76 /* SecondViewController_iPad.h */,
				3C11C77C17B1427D00125C76 /* SecondViewController_iPad.m */,
				3C11C77D17B1427D00125C76 /* SecondViewController_iPad.xib */,
				3C11C77E17B1427D00125C76 /* ThirthViewController_iPad.h */,
				3C11C77F17B1427D00125C76 /* ThirthViewController_iPad.m */,
				3C11C78017B1427D00125C76 /* ThirthViewController_iPad.xib */,
				3C11C78117B1427D00125C76 /* ViewController_iPad.h */,
				3C11C78217B1427D00125C76 /* ViewController_iPad.m */,
				3C11C78317B1427D00125C76 /* ViewController_iPad.xib */,
			);
			path = iPad;
			sourceTree = "<group>";
		};
		3C11C76B17B1413A00125C76 /* iPhone */ = {
			isa = PBXGroup;
			children = (
				3C11C76C17B1413A00125C76 /* SecondViewController_iPhone.h */,
				3C11C76D17B1413A00125C76 /* SecondViewController_iPhone.m */,
				3C11C76E17B1413A00125C76 /* SecondViewController_iPhone.xib */,
				3C11C76F17B1413A00125C76 /* ThirthViewController_iPhone.h */,
				3C11C77017B1413A00125C76 /* ThirthViewController_iPhone.m */,
				3C11C77117B1413A00125C76 /* ThirthViewController_iPhone.xib */,
				3C11C77217B1413A00125C76 /* ViewController_iPhone.h */,
				3C11C77317B1413A00125C76 /* ViewController_iPhone.m */,
				3C11C77417B1413A00125C76 /* ViewController_iPhone.xib */,
			);
			path = iPhone;
			sourceTree = "<group>";
		};
		3CF16BA917930123006E912F = {
			isa = PBXGroup;
			children = (
				3CF16BBB17930123006E912F /* SquaresFlipNavigationExample */,
				3CF16BB417930123006E912F /* Frameworks */,
				3CF16BB317930123006E912F /* Products */,
			);
			sourceTree = "<group>";
		};
		3CF16BB317930123006E912F /* Products */ = {
			isa = PBXGroup;
			children = (
				3CF16BB217930123006E912F /* SquaresFlipNavigationExample.app */,
			);
			name = Products;
			sourceTree = "<group>";
		};
		3CF16BB417930123006E912F /* Frameworks */ = {
			isa = PBXGroup;
			children = (
				3CF16BDB179309B1006E912F /* QuartzCore.framework */,
				3CF16BB517930123006E912F /* UIKit.framework */,
				3CF16BB717930123006E912F /* Foundation.framework */,
				3CF16BB917930123006E912F /* CoreGraphics.framework */,
			);
			name = Frameworks;
			sourceTree = "<group>";
		};
		3CF16BBB17930123006E912F /* SquaresFlipNavigationExample */ = {
			isa = PBXGroup;
			children = (
				3C11C76A17B1413900125C76 /* iPad */,
				3C11C76B17B1413A00125C76 /* iPhone */,
				3CF16D06179C4877006E912F /* SquaresFlipNavigation */,
				3CF16CEE179C198A006E912F /* assets */,
				3CF16BC417930123006E912F /* AppDelegate.h */,
				3CF16BC517930123006E912F /* AppDelegate.m */,
				3CF16BBC17930123006E912F /* Supporting Files */,
			);
			path = SquaresFlipNavigationExample;
			sourceTree = "<group>";
		};
		3CF16BBC17930123006E912F /* Supporting Files */ = {
			isa = PBXGroup;
			children = (
				3CF16BBD17930123006E912F /* SquaresFlipNavigationExample-Info.plist */,
				3CF16BBE17930123006E912F /* InfoPlist.strings */,
				3CF16BC117930123006E912F /* main.m */,
				3CF16BC317930123006E912F /* SquaresFlipNavigationExample-Prefix.pch */,
				3CF16BC717930123006E912F /* Default.png */,
				3CF16BC917930123006E912F /* Default@2x.png */,
				3CF16BCB17930123006E912F /* Default-568h@2x.png */,
			);
			name = "Supporting Files";
			sourceTree = "<group>";
		};
		3CF16CEE179C198A006E912F /* assets */ = {
			isa = PBXGroup;
			children = (
				3C8548B617A1886700B4D4ED /* bg_3.png */,
				3CF16CEF179C198C006E912F /* bg_1.jpg */,
				3CF16CF0179C198C006E912F /* bg_2.jpg */,
			);
			path = assets;
			sourceTree = "<group>";
		};
		3CF16D06179C4877006E912F /* SquaresFlipNavigation */ = {
			isa = PBXGroup;
			children = (
				3CF16D07179C4877006E912F /* Extras */,
				3CF16D0A179C4877006E912F /* FlipSquaresNavigationController.h */,
				3CF16D0B179C4877006E912F /* FlipSquaresNavigationController.m */,
			);
			path = SquaresFlipNavigation;
			sourceTree = "<group>";
		};
		3CF16D07179C4877006E912F /* Extras */ = {
			isa = PBXGroup;
			children = (
				3CF16D08179C4877006E912F /* NSObject+Extras.h */,
				3CF16D09179C4877006E912F /* NSObject+Extras.m */,
			);
			path = Extras;
			sourceTree = "<group>";
		};
/* End PBXGroup section */

/* Begin PBXNativeTarget section */
		3CF16BB117930123006E912F /* SquaresFlipNavigationExample */ = {
			isa = PBXNativeTarget;
			buildConfigurationList = 3CF16BD517930123006E912F /* Build configuration list for PBXNativeTarget "SquaresFlipNavigationExample" */;
			buildPhases = (
				3CF16BAE17930123006E912F /* Sources */,
				3CF16BAF17930123006E912F /* Frameworks */,
				3CF16BB017930123006E912F /* Resources */,
			);
			buildRules = (
			);
			dependencies = (
			);
			name = SquaresFlipNavigationExample;
			productName = SquaresFlipNavigationExample;
			productReference = 3CF16BB217930123006E912F /* SquaresFlipNavigationExample.app */;
			productType = "com.apple.product-type.application";
		};
/* End PBXNativeTarget section */

/* Begin PBXProject section */
		3CF16BAA17930123006E912F /* Project object */ = {
			isa = PBXProject;
			attributes = {
				LastUpgradeCheck = 0460;
				ORGANIZATIONNAME = "Andrés Brun";
			};
			buildConfigurationList = 3CF16BAD17930123006E912F /* Build configuration list for PBXProject "SquaresFlipNavigationExample" */;
			compatibilityVersion = "Xcode 3.2";
			developmentRegion = English;
			hasScannedForEncodings = 0;
			knownRegions = (
				en,
			);
			mainGroup = 3CF16BA917930123006E912F;
			productRefGroup = 3CF16BB317930123006E912F /* Products */;
			projectDirPath = "";
			projectRoot = "";
			targets = (
				3CF16BB117930123006E912F /* SquaresFlipNavigationExample */,
			);
		};
/* End PBXProject section */

/* Begin PBXResourcesBuildPhase section */
		3CF16BB017930123006E912F /* Resources */ = {
			isa = PBXResourcesBuildPhase;
			buildActionMask = 2147483647;
			files = (
				3CF16BC017930123006E912F /* InfoPlist.strings in Resources */,
				3CF16BC817930123006E912F /* Default.png in Resources */,
				3CF16BCA17930123006E912F /* Default@2x.png in Resources */,
				3CF16BCC17930123006E912F /* Default-568h@2x.png in Resources */,
				3CF16CF1179C198C006E912F /* bg_1.jpg in Resources */,
				3CF16CF2179C198C006E912F /* bg_2.jpg in Resources */,
				3C8548B717A1886700B4D4ED /* bg_3.png in Resources */,
				3C11C77617B1413A00125C76 /* SecondViewController_iPhone.xib in Resources */,
				3C11C77817B1413A00125C76 /* ThirthViewController_iPhone.xib in Resources */,
				3C11C77A17B1413A00125C76 /* ViewController_iPhone.xib in Resources */,
				3C11C78517B1427D00125C76 /* SecondViewController_iPad.xib in Resources */,
				3C11C78717B1427D00125C76 /* ThirthViewController_iPad.xib in Resources */,
				3C11C78917B1427D00125C76 /* ViewController_iPad.xib in Resources */,
			);
			runOnlyForDeploymentPostprocessing = 0;
		};
/* End PBXResourcesBuildPhase section */

/* Begin PBXSourcesBuildPhase section */
		3CF16BAE17930123006E912F /* Sources */ = {
			isa = PBXSourcesBuildPhase;
			buildActionMask = 2147483647;
			files = (
				3CF16BC217930123006E912F /* main.m in Sources */,
				3CF16BC617930123006E912F /* AppDelegate.m in Sources */,
				3CF16D13179C4877006E912F /* NSObject+Extras.m in Sources */,
				3CF16D14179C4877006E912F /* FlipSquaresNavigationController.m in Sources */,
				3C11C77517B1413A00125C76 /* SecondViewController_iPhone.m in Sources */,
				3C11C77717B1413A00125C76 /* ThirthViewController_iPhone.m in Sources */,
				3C11C77917B1413A00125C76 /* ViewController_iPhone.m in Sources */,
				3C11C78417B1427D00125C76 /* SecondViewController_iPad.m in Sources */,
				3C11C78617B1427D00125C76 /* ThirthViewController_iPad.m in Sources */,
				3C11C78817B1427D00125C76 /* ViewController_iPad.m in Sources */,
			);
			runOnlyForDeploymentPostprocessing = 0;
		};
/* End PBXSourcesBuildPhase section */

/* Begin PBXVariantGroup section */
		3CF16BBE17930123006E912F /* InfoPlist.strings */ = {
			isa = PBXVariantGroup;
			children = (
				3CF16BBF17930123006E912F /* en */,
			);
			name = InfoPlist.strings;
			sourceTree = "<group>";
		};
/* End PBXVariantGroup section */

/* Begin XCBuildConfiguration section */
		3CF16BD317930123006E912F /* Debug */ = {
			isa = XCBuildConfiguration;
			buildSettings = {
				ALWAYS_SEARCH_USER_PATHS = NO;
				CLANG_CXX_LANGUAGE_STANDARD = "gnu++0x";
				CLANG_CXX_LIBRARY = "libc++";
				CLANG_ENABLE_OBJC_ARC = YES;
				CLANG_WARN_CONSTANT_CONVERSION = YES;
				CLANG_WARN_EMPTY_BODY = YES;
				CLANG_WARN_ENUM_CONVERSION = YES;
				CLANG_WARN_INT_CONVERSION = YES;
				CLANG_WARN__DUPLICATE_METHOD_MATCH = YES;
				CODE_SIGN_IDENTITY = "iPhone Developer: Andres Moreno (GEKTAXUSVL)";
				"CODE_SIGN_IDENTITY[sdk=iphoneos*]" = "iPhone Developer";
				COPY_PHASE_STRIP = NO;
				GCC_C_LANGUAGE_STANDARD = gnu99;
				GCC_DYNAMIC_NO_PIC = NO;
				GCC_OPTIMIZATION_LEVEL = 0;
				GCC_PREPROCESSOR_DEFINITIONS = (
					"DEBUG=1",
					"$(inherited)",
				);
				GCC_SYMBOLS_PRIVATE_EXTERN = NO;
				GCC_WARN_ABOUT_RETURN_TYPE = YES;
				GCC_WARN_UNINITIALIZED_AUTOS = YES;
				GCC_WARN_UNUSED_VARIABLE = YES;
				IPHONEOS_DEPLOYMENT_TARGET = 6.1;
				ONLY_ACTIVE_ARCH = YES;
				PROVISIONING_PROFILE = "AF9FBB6F-40DA-4DDC-B334-3C3889D55A43";
				SDKROOT = iphoneos;
			};
			name = Debug;
		};
		3CF16BD417930123006E912F /* Release */ = {
			isa = XCBuildConfiguration;
			buildSettings = {
				ALWAYS_SEARCH_USER_PATHS = NO;
				CLANG_CXX_LANGUAGE_STANDARD = "gnu++0x";
				CLANG_CXX_LIBRARY = "libc++";
				CLANG_ENABLE_OBJC_ARC = YES;
				CLANG_WARN_CONSTANT_CONVERSION = YES;
				CLANG_WARN_EMPTY_BODY = YES;
				CLANG_WARN_ENUM_CONVERSION = YES;
				CLANG_WARN_INT_CONVERSION = YES;
				CLANG_WARN__DUPLICATE_METHOD_MATCH = YES;
				CODE_SIGN_IDENTITY = "iPhone Developer: Andres Moreno (GEKTAXUSVL)";
				"CODE_SIGN_IDENTITY[sdk=iphoneos*]" = "iPhone Developer";
				COPY_PHASE_STRIP = YES;
				GCC_C_LANGUAGE_STANDARD = gnu99;
				GCC_WARN_ABOUT_RETURN_TYPE = YES;
				GCC_WARN_UNINITIALIZED_AUTOS = YES;
				GCC_WARN_UNUSED_VARIABLE = YES;
				IPHONEOS_DEPLOYMENT_TARGET = 6.1;
				OTHER_CFLAGS = "-DNS_BLOCK_ASSERTIONS=1";
				PROVISIONING_PROFILE = "AF9FBB6F-40DA-4DDC-B334-3C3889D55A43";
				SDKROOT = iphoneos;
				VALIDATE_PRODUCT = YES;
			};
			name = Release;
		};
		3CF16BD617930123006E912F /* Debug */ = {
			isa = XCBuildConfiguration;
			buildSettings = {
				GCC_PRECOMPILE_PREFIX_HEADER = YES;
				GCC_PREFIX_HEADER = "SquaresFlipNavigationExample/SquaresFlipNavigationExample-Prefix.pch";
				INFOPLIST_FILE = "SquaresFlipNavigationExample/SquaresFlipNavigationExample-Info.plist";
				IPHONEOS_DEPLOYMENT_TARGET = 6.1;
				PRODUCT_NAME = "$(TARGET_NAME)";
				TARGETED_DEVICE_FAMILY = "1,2";
				WRAPPER_EXTENSION = app;
			};
			name = Debug;
		};
		3CF16BD717930123006E912F /* Release */ = {
			isa = XCBuildConfiguration;
			buildSettings = {
				GCC_PRECOMPILE_PREFIX_HEADER = YES;
				GCC_PREFIX_HEADER = "SquaresFlipNavigationExample/SquaresFlipNavigationExample-Prefix.pch";
				INFOPLIST_FILE = "SquaresFlipNavigationExample/SquaresFlipNavigationExample-Info.plist";
				IPHONEOS_DEPLOYMENT_TARGET = 6.1;
				PRODUCT_NAME = "$(TARGET_NAME)";
				TARGETED_DEVICE_FAMILY = "1,2";
				WRAPPER_EXTENSION = app;
			};
			name = Release;
		};
/* End XCBuildConfiguration section */

/* Begin XCConfigurationList section */
		3CF16BAD17930123006E912F /* Build configuration list for PBXProject "SquaresFlipNavigationExample" */ = {
			isa = XCConfigurationList;
			buildConfigurations = (
				3CF16BD317930123006E912F /* Debug */,
				3CF16BD417930123006E912F /* Release */,
			);
			defaultConfigurationIsVisible = 0;
			defaultConfigurationName = Release;
		};
		3CF16BD517930123006E912F /* Build configuration list for PBXNativeTarget "SquaresFlipNavigationExample" */ = {
			isa = XCConfigurationList;
			buildConfigurations = (
				3CF16BD617930123006E912F /* Debug */,
				3CF16BD717930123006E912F /* Release */,
			);
			defaultConfigurationIsVisible = 0;
			defaultConfigurationName = Release;
		};
/* End XCConfigurationList section */
	};
	rootObject = 3CF16BAA17930123006E912F /* Project object */;
}
